{
  "name": "@anderjason/node-filedb",
  "version": "1.0.0",
  "lockfileVersion": 1,
  "requires": true,
  "dependencies": {
    "@anderjason/node-crypto": {
      "version": "2.0.0",
      "resolved": "https://registry.npmjs.org/@anderjason/node-crypto/-/node-crypto-2.0.0.tgz",
      "integrity": "sha512-3r6JhtRDWaj4J1f3ebes5Z5fj89l/zxOXs7EI5Sce9ZBrdDS8Kb3g8CpWSQk/TezgbtMTBJZ4QO/LohZVnJ7gg==",
      "requires": {
        "@anderjason/node-filesystem": "^2.0.0",
        "tweetnacl": "^1.0.3",
        "typescript": "^4.0.3"
      }
    },
    "@anderjason/node-filesystem": {
      "version": "2.0.0",
      "resolved": "https://registry.npmjs.org/@anderjason/node-filesystem/-/node-filesystem-2.0.0.tgz",
      "integrity": "sha512-uMduT8sUAAmNiHDReLnvC7Ks7Rp7N2V/L3n/YBH22SZzzNXlETPopq9KtpivlMqJGGAvWrsqrN8Vu9b4H8FprA==",
      "requires": {
        "@anderjason/time": "^2.0.2",
        "@anderjason/util": "^2.0.0",
        "typescript": "^4.0.3"
      }
    },
    "@anderjason/tests": {
      "version": "1.0.1",
      "resolved": "https://registry.npmjs.org/@anderjason/tests/-/tests-1.0.1.tgz",
      "integrity": "sha512-cZe/kS4An3PzYGDTYorcYOj/xLsR+7YxMXmkBNX5Gi0GZzt5x+u2m4pyYSwOWU1LTqoStEqWeXyc0xtV5Dfx3A==",
      "requires": {
        "typescript": "^4.0.2"
      }
    },
    "@anderjason/time": {
      "version": "2.0.2",
      "resolved": "https://registry.npmjs.org/@anderjason/time/-/time-2.0.2.tgz",
      "integrity": "sha512-HZRi33qGMCRpQF8BuULESYmriC7+Id91FQ2Nf7Z6FSeVi/BjUzhi7w+rRRrLd4nEZwKqkTEcHb43N34CV8pptA==",
      "requires": {
        "@anderjason/tests": "^1.0.1",
        "typescript": "^4.0.3"
      }
    },
    "@anderjason/util": {
      "version": "2.0.3",
      "resolved": "https://registry.npmjs.org/@anderjason/util/-/util-2.0.3.tgz",
      "integrity": "sha512-xMlYiZwViRXHpx8MDdafVl/ssgJzu1l3v9S/ufcTuqeNr8cq8JEvnojUWjutEanssY+9HpqGMxM2kF+pZC6sJQ==",
      "requires": {
        "@anderjason/tests": "^1.0.1",
        "typescript": "^4.0.3"
      }
    },
    "@types/node": {
      "version": "14.14.6",
      "resolved": "https://registry.npmjs.org/@types/node/-/node-14.14.6.tgz",
      "integrity": "sha512-6QlRuqsQ/Ox/aJEQWBEJG7A9+u7oSYl3mem/K8IzxXG/kAGbV1YPD9Bg9Zw3vyxC/YP+zONKwy8hGkSt1jxFMw==",
      "dev": true
    },
    "tweetnacl": {
      "version": "1.0.3",
      "resolved": "https://registry.npmjs.org/tweetnacl/-/tweetnacl-1.0.3.tgz",
      "integrity": "sha512-6rt+RN7aOi1nGMyC4Xa5DdYiukl2UWCbcJft7YhxReBGQD7OAM8Pbxw6YMo4r2diNEA8FEmu32YOn9rhaiE5yw=="
    },
    "typescript": {
      "version": "4.0.5",
      "resolved": "https://registry.npmjs.org/typescript/-/typescript-4.0.5.tgz",
      "integrity": "sha512-ywmr/VrTVCmNTJ6iV2LwIrfG1P+lv6luD8sUJs+2eI9NLGigaN+nUQc13iHqisq7bra9lnmUSYqbJvegraBOPQ=="
    }
  }
}
